
Microsoft Visual Studio Solution File, Format Version 12.00
# Visual Studio 15
Project("{FAE04EC0-301F-11D3-BF4B-00C04F79EFBC}") = "Assembly-CSharp", "Assembly-CSharp.csproj", "{7A00B490-2C9E-1539-9F5E-F6067ECD96CE}"
EndProject
Project("{FAE04EC0-301F-11D3-BF4B-00C04F79EFBC}") = "Assembly-CSharp-Editor", "Assembly-CSharp-Editor.csproj", "{7C82536D-836C-BCDF-EB3E-5A84751B5EBD}"
EndProject
Global
	GlobalSection(SolutionConfigurationPlatforms) = preSolution
		Debug|Any CPU = Debug|Any CPU
		Release|Any CPU = Release|Any CPU
	EndGlobalSection
	GlobalSection(ProjectConfigurationPlatforms) = postSolution
		{7A00B490-2C9E-1539-9F5E-F6067ECD96CE}.Debug|Any CPU.ActiveCfg = Debug|Any CPU
		{7A00B490-2C9E-1539-9F5E-F6067ECD96CE}.Debug|Any CPU.Build.0 = Debug|Any CPU
		{7A00B490-2C9E-1539-9F5E-F6067ECD96CE}.Release|Any CPU.ActiveCfg = Release|Any CPU
		{7A00B490-2C9E-1539-9F5E-F6067ECD96CE}.Release|Any CPU.Build.0 = Release|Any CPU
		{7C82536D-836C-BCDF-EB3E-5A84751B5EBD}.Debug|Any CPU.ActiveCfg = Debug|Any CPU
		{7C82536D-836C-BCDF-EB3E-5A84751B5EBD}.Debug|Any CPU.Build.0 = Debug|Any CPU
		{7C82536D-836C-BCDF-EB3E-5A84751B5EBD}.Release|Any CPU.ActiveCfg = Release|Any CPU
		{7C82536D-836C-BCDF-EB3E-5A84751B5EBD}.Release|Any CPU.Build.0 = Release|Any CPU
	EndGlobalSection
	GlobalSection(SolutionProperties) = preSolution
		HideSolutionNode = FALSE
	EndGlobalSection
	GlobalSection(MonoDevelopProperties) = preSolution
		StartupItem = Assembly-CSharp.csproj
	EndGlobalSection
EndGlobal
